# THIS IS AN AUTOGENERATED FILE. DO NOT EDIT THIS FILE DIRECTLY.
# yarn lockfile v1


"@types/uuid@^7.0.3":
  version "7.0.3"
  resolved "https://registry.yarnpkg.com/@types/uuid/-/uuid-7.0.3.tgz#45cd03e98e758f8581c79c535afbd4fc27ba7ac8"
  integrity sha512-PUdqTZVrNYTNcIhLHkiaYzoOIaUi5LFg/XLerAdgvwQrUCx+oSbtoBze1AMyvYbcwzUSNC+Isl58SM4Sm/6COw==

uuid@^8.0.0:
  version "8.0.0"
  resolved "https://registry.yarnpkg.com/uuid/-/uuid-8.0.0.tgz#bc6ccf91b5ff0ac07bbcdbf1c7c4e150db4dbb6c"
  integrity sha512-jOXGuXZAWdsTH7eZLtyXMqUb9EcWMGZNbL9YcGBJl4MH4nrxHmZJhEHvyLFrkxo+28uLb/NYRcStH48fnD0Vzw==

xstate@^4.9.1:
  version "4.9.1"
  resolved "https://registry.yarnpkg.com/xstate/-/xstate-4.9.1.tgz#da883ae0993b129ba0b54592c59b069963b0fe0a"
  integrity sha512-cfNnRaBebnr1tvs0nHBUTyomfJx36+8MWwXceyNTZfjyELMM8nIoiBDcUzfKmpNlnAvs2ZPREos19cw6Zl4nng==
